// !$*UTF8*$!
{
	archiveVersion = 1;
	classes = {
	};
	objectVersion = 56;
	objects = {

/* Begin PBXBuildFile section */
		B10A1BAE297A1A1800654F0A /* Shapes.swift in Sources */ = {isa = PBXBuildFile; fileRef = B10A1BAD297A1A1800654F0A /* Shapes.swift */; };
		B10A1BB0297A1CCE00654F0A /* RoundViews.swift in Sources */ = {isa = PBXBuildFile; fileRef = B10A1BAF297A1CCE00654F0A /* RoundViews.swift */; };
		B10A1BB2297A21E400654F0A /* BackgroundView.swift in Sources */ = {isa = PBXBuildFile; fileRef = B10A1BB1297A21E400654F0A /* BackgroundView.swift */; };
		B12948D22973F06E00CEEFDF /* BullseyeTests.swift in Sources */ = {isa = PBXBuildFile; fileRef = B12948D12973F06E00CEEFDF /* BullseyeTests.swift */; };
		B13950F629584C1D00AAF1A3 /* BullseyeApp.swift in Sources */ = {isa = PBXBuildFile; fileRef = B13950F529584C1D00AAF1A3 /* BullseyeApp.swift */; };
		B13950F829584C1D00AAF1A3 /* ContentView.swift in Sources */ = {isa = PBXBuildFile; fileRef = B13950F729584C1D00AAF1A3 /* ContentView.swift */; };
		B13950FA29584C1F00AAF1A3 /* Assets.xcassets in Resources */ = {isa = PBXBuildFile; fileRef = B13950F929584C1F00AAF1A3 /* Assets.xcassets */; };
		B13950FD29584C1F00AAF1A3 /* Preview Assets.xcassets in Resources */ = {isa = PBXBuildFile; fileRef = B13950FC29584C1F00AAF1A3 /* Preview Assets.xcassets */; };
		B15AF7682ABF1E7B00A82CCD /* PointsView.swift in Sources */ = {isa = PBXBuildFile; fileRef = B15AF7672ABF1E7B00A82CCD /* PointsView.swift */; };
		B15AF76A2ABF287900A82CCD /* Constants.swift in Sources */ = {isa = PBXBuildFile; fileRef = B15AF7692ABF287900A82CCD /* Constants.swift */; };
		B15AF76C2AC0699E00A82CCD /* LeaderboardView.swift in Sources */ = {isa = PBXBuildFile; fileRef = B15AF76B2AC0699E00A82CCD /* LeaderboardView.swift */; };
		B16838892978CACC0063B1EB /* TextViews.swift in Sources */ = {isa = PBXBuildFile; fileRef = B16838882978CACC0063B1EB /* TextViews.swift */; };
		B1825A0C296D16E3004706F9 /* Game.swift in Sources */ = {isa = PBXBuildFile; fileRef = B1825A0B296D16E3004706F9 /* Game.swift */; };
/* End PBXBuildFile section */

/* Begin PBXContainerItemProxy section */
		B12948D32973F06E00CEEFDF /* PBXContainerItemProxy */ = {
			isa = PBXContainerItemProxy;
			containerPortal = B13950EA29584C1D00AAF1A3 /* Project object */;
			proxyType = 1;
			remoteGlobalIDString = B13950F129584C1D00AAF1A3;
			remoteInfo = Bullseye;
		};
/* End PBXContainerItemProxy section */

/* Begin PBXFileReference section */
		B10A1BAD297A1A1800654F0A /* Shapes.swift */ = {isa = PBXFileReference; lastKnownFileType = sourcecode.swift; path = Shapes.swift; sourceTree = "<group>"; };
		B10A1BAF297A1CCE00654F0A /* RoundViews.swift */ = {isa = PBXFileReference; lastKnownFileType = sourcecode.swift; path = RoundViews.swift; sourceTree = "<group>"; };
		B10A1BB1297A21E400654F0A /* BackgroundView.swift */ = {isa = PBXFileReference; lastKnownFileType = sourcecode.swift; path = BackgroundView.swift; sourceTree = "<group>"; };
		B12948CF2973F06E00CEEFDF /* BullseyeTests.xctest */ = {isa = PBXFileReference; explicitFileType = wrapper.cfbundle; includeInIndex = 0; path = BullseyeTests.xctest; sourceTree = BUILT_PRODUCTS_DIR; };
		B12948D12973F06E00CEEFDF /* BullseyeTests.swift */ = {isa = PBXFileReference; lastKnownFileType = sourcecode.swift; path = BullseyeTests.swift; sourceTree = "<group>"; };
		B13950F229584C1D00AAF1A3 /* Bullseye.app */ = {isa = PBXFileReference; explicitFileType = wrapper.application; includeInIndex = 0; path = Bullseye.app; sourceTree = BUILT_PRODUCTS_DIR; };
		B13950F529584C1D00AAF1A3 /* BullseyeApp.swift */ = {isa = PBXFileReference; lastKnownFileType = sourcecode.swift; path = BullseyeApp.swift; sourceTree = "<group>"; };
		B13950F729584C1D00AAF1A3 /* ContentView.swift */ = {isa = PBXFileReference; lastKnownFileType = sourcecode.swift; path = ContentView.swift; sourceTree = "<group>"; };
		B13950F929584C1F00AAF1A3 /* Assets.xcassets */ = {isa = PBXFileReference; lastKnownFileType = folder.assetcatalog; path = Assets.xcassets; sourceTree = "<group>"; };
		B13950FC29584C1F00AAF1A3 /* Preview Assets.xcassets */ = {isa = PBXFileReference; lastKnownFileType = folder.assetcatalog; path = "Preview Assets.xcassets"; sourceTree = "<group>"; };
		B15AF7672ABF1E7B00A82CCD /* PointsView.swift */ = {isa = PBXFileReference; lastKnownFileType = sourcecode.swift; path = PointsView.swift; sourceTree = "<group>"; };
		B15AF7692ABF287900A82CCD /* Constants.swift */ = {isa = PBXFileReference; lastKnownFileType = sourcecode.swift; path = Constants.swift; sourceTree = "<group>"; };
		B15AF76B2AC0699E00A82CCD /* LeaderboardView.swift */ = {isa = PBXFileReference; lastKnownFileType = sourcecode.swift; path = LeaderboardView.swift; sourceTree = "<group>"; };
		B16838882978CACC0063B1EB /* TextViews.swift */ = {isa = PBXFileReference; lastKnownFileType = sourcecode.swift; path = TextViews.swift; sourceTree = "<group>"; };
		B1825A0B296D16E3004706F9 /* Game.swift */ = {isa = PBXFileReference; lastKnownFileType = sourcecode.swift; path = Game.swift; sourceTree = "<group>"; };
/* End PBXFileReference section */

/* Begin PBXFrameworksBuildPhase section */
		B12948CC2973F06E00CEEFDF /* Frameworks */ = {
			isa = PBXFrameworksBuildPhase;
			buildActionMask = 2147483647;
			files = (
			);
			runOnlyForDeploymentPostprocessing = 0;
		};
		B13950EF29584C1D00AAF1A3 /* Frameworks */ = {
			isa = PBXFrameworksBuildPhase;
			buildActionMask = 2147483647;
			files = (
			);
			runOnlyForDeploymentPostprocessing = 0;
		};
/* End PBXFrameworksBuildPhase section */

/* Begin PBXGroup section */
		B12948D02973F06E00CEEFDF /* BullseyeTests */ = {
			isa = PBXGroup;
			children = (
				B12948D12973F06E00CEEFDF /* BullseyeTests.swift */,
			);
			path = BullseyeTests;
			sourceTree = "<group>";
		};
		B13950E929584C1D00AAF1A3 = {
			isa = PBXGroup;
			children = (
				B13950F429584C1D00AAF1A3 /* Bullseye */,
				B12948D02973F06E00CEEFDF /* BullseyeTests */,
				B13950F329584C1D00AAF1A3 /* Products */,
			);
			sourceTree = "<group>";
		};
		B13950F329584C1D00AAF1A3 /* Products */ = {
			isa = PBXGroup;
			children = (
				B13950F229584C1D00AAF1A3 /* Bullseye.app */,
				B12948CF2973F06E00CEEFDF /* BullseyeTests.xctest */,
			);
			name = Products;
			sourceTree = "<group>";
		};
		B13950F429584C1D00AAF1A3 /* Bullseye */ = {
			isa = PBXGroup;
			children = (
				B1825A0A296D165D004706F9 /* App */,
				B1825A09296D1657004706F9 /* View */,
				B1825A08296D1635004706F9 /* Model */,
				B13950FB29584C1F00AAF1A3 /* Preview Content */,
			);
			path = Bullseye;
			sourceTree = "<group>";
		};
		B13950FB29584C1F00AAF1A3 /* Preview Content */ = {
			isa = PBXGroup;
			children = (
				B13950FC29584C1F00AAF1A3 /* Preview Assets.xcassets */,
			);
			path = "Preview Content";
			sourceTree = "<group>";
		};
		B1825A08296D1635004706F9 /* Model */ = {
			isa = PBXGroup;
			children = (
				B1825A0B296D16E3004706F9 /* Game.swift */,
				B15AF7692ABF287900A82CCD /* Constants.swift */,
			);
			path = Model;
			sourceTree = "<group>";
		};
		B1825A09296D1657004706F9 /* View */ = {
			isa = PBXGroup;
			children = (
				B13950F729584C1D00AAF1A3 /* ContentView.swift */,
				B16838882978CACC0063B1EB /* TextViews.swift */,
				B10A1BAD297A1A1800654F0A /* Shapes.swift */,
				B10A1BAF297A1CCE00654F0A /* RoundViews.swift */,
				B10A1BB1297A21E400654F0A /* BackgroundView.swift */,
				B15AF7672ABF1E7B00A82CCD /* PointsView.swift */,
				B15AF76B2AC0699E00A82CCD /* LeaderboardView.swift */,
			);
			path = View;
			sourceTree = "<group>";
		};
		B1825A0A296D165D004706F9 /* App */ = {
			isa = PBXGroup;
			children = (
				B13950F529584C1D00AAF1A3 /* BullseyeApp.swift */,
				B13950F929584C1F00AAF1A3 /* Assets.xcassets */,
			);
			path = App;
			sourceTree = "<group>";
		};
/* End PBXGroup section */

/* Begin PBXNativeTarget section */
		B12948CE2973F06E00CEEFDF /* BullseyeTests */ = {
			isa = PBXNativeTarget;
			buildConfigurationList = B12948D72973F06E00CEEFDF /* Build configuration list for PBXNativeTarget "BullseyeTests" */;
			buildPhases = (
				B12948CB2973F06E00CEEFDF /* Sources */,
				B12948CC2973F06E00CEEFDF /* Frameworks */,
				B12948CD2973F06E00CEEFDF /* Resources */,
			);
			buildRules = (
			);
			dependencies = (
				B12948D42973F06E00CEEFDF /* PBXTargetDependency */,
			);
			name = BullseyeTests;
			productName = BullseyeTests;
			productReference = B12948CF2973F06E00CEEFDF /* BullseyeTests.xctest */;
			productType = "com.apple.product-type.bundle.unit-test";
		};
		B13950F129584C1D00AAF1A3 /* Bullseye */ = {
			isa = PBXNativeTarget;
			buildConfigurationList = B139510029584C1F00AAF1A3 /* Build configuration list for PBXNativeTarget "Bullseye" */;
			buildPhases = (
				B13950EE29584C1D00AAF1A3 /* Sources */,
				B13950EF29584C1D00AAF1A3 /* Frameworks */,
				B13950F029584C1D00AAF1A3 /* Resources */,
			);
			buildRules = (
			);
			dependencies = (
			);
			name = Bullseye;
			productName = Bullseye;
			productReference = B13950F229584C1D00AAF1A3 /* Bullseye.app */;
			productType = "com.apple.product-type.application";
		};
/* End PBXNativeTarget section */

/* Begin PBXProject section */
		B13950EA29584C1D00AAF1A3 /* Project object */ = {
			isa = PBXProject;
			attributes = {
				BuildIndependentTargetsInParallel = 1;
				LastSwiftUpdateCheck = 1420;
				LastUpgradeCheck = 1420;
				TargetAttributes = {
					B12948CE2973F06E00CEEFDF = {
						CreatedOnToolsVersion = 14.2;
						TestTargetID = B13950F129584C1D00AAF1A3;
					};
					B13950F129584C1D00AAF1A3 = {
						CreatedOnToolsVersion = 14.2;
					};
				};
			};
			buildConfigurationList = B13950ED29584C1D00AAF1A3 /* Build configuration list for PBXProject "Bullseye" */;
			compatibilityVersion = "Xcode 14.0";
			developmentRegion = en;
			hasScannedForEncodings = 0;
			knownRegions = (
				en,
				Base,
			);
			mainGroup = B13950E929584C1D00AAF1A3;
			productRefGroup = B13950F329584C1D00AAF1A3 /* Products */;
			projectDirPath = "";
			projectRoot = "";
			targets = (
				B13950F129584C1D00AAF1A3 /* Bullseye */,
				B12948CE2973F06E00CEEFDF /* BullseyeTests */,
			);
		};
/* End PBXProject section */

/* Begin PBXResourcesBuildPhase section */
		B12948CD2973F06E00CEEFDF /* Resources */ = {
			isa = PBXResourcesBuildPhase;
			buildActionMask = 2147483647;
			files = (
			);
			runOnlyForDeploymentPostprocessing = 0;
		};
		B13950F029584C1D00AAF1A3 /* Resources */ = {
			isa = PBXResourcesBuildPhase;
			buildActionMask = 2147483647;
			files = (
				B13950FD29584C1F00AAF1A3 /* Preview Assets.xcassets in Resources */,
				B13950FA29584C1F00AAF1A3 /* Assets.xcassets in Resources */,
			);
			runOnlyForDeploymentPostprocessing = 0;
		};
/* End PBXResourcesBuildPhase section */

/* Begin PBXSourcesBuildPhase section */
		B12948CB2973F06E00CEEFDF /* Sources */ = {
			isa = PBXSourcesBuildPhase;
			buildActionMask = 2147483647;
			files = (
				B12948D22973F06E00CEEFDF /* BullseyeTests.swift in Sources */,
			);
			runOnlyForDeploymentPostprocessing = 0;
		};
		B13950EE29584C1D00AAF1A3 /* Sources */ = {
			isa = PBXSourcesBuildPhase;
			buildActionMask = 2147483647;
			files = (
				B15AF76C2AC0699E00A82CCD /* LeaderboardView.swift in Sources */,
				B13950F829584C1D00AAF1A3 /* ContentView.swift in Sources */,
				B16838892978CACC0063B1EB /* TextViews.swift in Sources */,
				B10A1BAE297A1A1800654F0A /* Shapes.swift in Sources */,
				B15AF7682ABF1E7B00A82CCD /* PointsView.swift in Sources */,
				B10A1BB2297A21E400654F0A /* BackgroundView.swift in Sources */,
				B1825A0C296D16E3004706F9 /* Game.swift in Sources */,
				B15AF76A2ABF287900A82CCD /* Constants.swift in Sources */,
				B13950F629584C1D00AAF1A3 /* BullseyeApp.swift in Sources */,
				B10A1BB0297A1CCE00654F0A /* RoundViews.swift in Sources */,
			);
			runOnlyForDeploymentPostprocessing = 0;
		};
/* End PBXSourcesBuildPhase section */

/* Begin PBXTargetDependency section */
		B12948D42973F06E00CEEFDF /* PBXTargetDependency */ = {
			isa = PBXTargetDependency;
			target = B13950F129584C1D00AAF1A3 /* Bullseye */;
			targetProxy = B12948D32973F06E00CEEFDF /* PBXContainerItemProxy */;
		};
/* End PBXTargetDependency section */

/* Begin XCBuildConfiguration section */
		B12948D52973F06E00CEEFDF /* Debug */ = {
			isa = XCBuildConfiguration;
			buildSettings = {
				BUNDLE_LOADER = "$(TEST_HOST)";
				CODE_SIGN_STYLE = Automatic;
				CURRENT_PROJECT_VERSION = 1;
				GENERATE_INFOPLIST_FILE = YES;
				IPHONEOS_DEPLOYMENT_TARGET = 16.2;
				MACOSX_DEPLOYMENT_TARGET = 12.6;
				MARKETING_VERSION = 1.0;
				PRODUCT_BUNDLE_IDENTIFIER = com.taodev.BullseyeTests;
				PRODUCT_NAME = "$(TARGET_NAME)";
				SDKROOT = auto;
				SUPPORTED_PLATFORMS = "iphoneos iphonesimulator macosx";
				SWIFT_EMIT_LOC_STRINGS = NO;
				SWIFT_VERSION = 5.0;
				TARGETED_DEVICE_FAMILY = "1,2";
				TEST_HOST = "$(BUILT_PRODUCTS_DIR)/Bullseye.app/$(BUNDLE_EXECUTABLE_FOLDER_PATH)/Bullseye";
			};
			name = Debug;
		};
		B12948D62973F06E00CEEFDF /* Release */ = {
			isa = XCBuildConfiguration;
			buildSettings = {
				BUNDLE_LOADER = "$(TEST_HOST)";
				CODE_SIGN_STYLE = Automatic;
				CURRENT_PROJECT_VERSION = 1;
				GENERATE_INFOPLIST_FILE = YES;
				IPHONEOS_DEPLOYMENT_TARGET = 16.2;
				MACOSX_DEPLOYMENT_TARGET = 12.6;
				MARKETING_VERSION = 1.0;
				PRODUCT_BUNDLE_IDENTIFIER = com.taodev.BullseyeTests;
				PRODUCT_NAME = "$(TARGET_NAME)";
				SDKROOT = auto;
				SUPPORTED_PLATFORMS = "iphoneos iphonesimulator macosx";
				SWIFT_EMIT_LOC_STRINGS = NO;
				SWIFT_VERSION = 5.0;
				TARGETED_DEVICE_FAMILY = "1,2";
				TEST_HOST = "$(BUILT_PRODUCTS_DIR)/Bullseye.app/$(BUNDLE_EXECUTABLE_FOLDER_PATH)/Bullseye";
			};
			name = Release;
		};
		B13950FE29584C1F00AAF1A3 /* Debug */ = {
			isa = XCBuildConfiguration;
			buildSettings = {
				ALWAYS_SEARCH_USER_PATHS = NO;
				CLANG_ANALYZER_NONNULL = YES;
				CLANG_ANALYZER_NUMBER_OBJECT_CONVERSION = YES_AGGRESSIVE;
				CLANG_CXX_LANGUAGE_STANDARD = "gnu++20";
				CLANG_ENABLE_MODULES = YES;
				CLANG_ENABLE_OBJC_ARC = YES;
				CLANG_ENABLE_OBJC_WEAK = YES;
				CLANG_WARN_BLOCK_CAPTURE_AUTORELEASING = YES;
				CLANG_WARN_BOOL_CONVERSION = YES;
				CLANG_WARN_COMMA = YES;
				CLANG_WARN_CONSTANT_CONVERSION = YES;
				CLANG_WARN_DEPRECATED_OBJC_IMPLEMENTATIONS = YES;
				CLANG_WARN_DIRECT_OBJC_ISA_USAGE = YES_ERROR;
				CLANG_WARN_DOCUMENTATION_COMMENTS = YES;
				CLANG_WARN_EMPTY_BODY = YES;
				CLANG_WARN_ENUM_CONVERSION = YES;
				CLANG_WARN_INFINITE_RECURSION = YES;
				CLANG_WARN_INT_CONVERSION = YES;
				CLANG_WARN_NON_LITERAL_NULL_CONVERSION = YES;
				CLANG_WARN_OBJC_IMPLICIT_RETAIN_SELF = YES;
				CLANG_WARN_OBJC_LITERAL_CONVERSION = YES;
				CLANG_WARN_OBJC_ROOT_CLASS = YES_ERROR;
				CLANG_WARN_QUOTED_INCLUDE_IN_FRAMEWORK_HEADER = YES;
				CLANG_WARN_RANGE_LOOP_ANALYSIS = YES;
				CLANG_WARN_STRICT_PROTOTYPES = YES;
				CLANG_WARN_SUSPICIOUS_MOVE = YES;
				CLANG_WARN_UNGUARDED_AVAILABILITY = YES_AGGRESSIVE;
				CLANG_WARN_UNREACHABLE_CODE = YES;
				CLANG_WARN__DUPLICATE_METHOD_MATCH = YES;
				COPY_PHASE_STRIP = NO;
				DEBUG_INFORMATION_FORMAT = dwarf;
				ENABLE_STRICT_OBJC_MSGSEND = YES;
				ENABLE_TESTABILITY = YES;
				GCC_C_LANGUAGE_STANDARD = gnu11;
				GCC_DYNAMIC_NO_PIC = NO;
				GCC_NO_COMMON_BLOCKS = YES;
				GCC_OPTIMIZATION_LEVEL = 0;
				GCC_PREPROCESSOR_DEFINITIONS = (
					"DEBUG=1",
					"$(inherited)",
				);
				GCC_WARN_64_TO_32_BIT_CONVERSION = YES;
				GCC_WARN_ABOUT_RETURN_TYPE = YES_ERROR;
				GCC_WARN_UNDECLARED_SELECTOR = YES;
				GCC_WARN_UNINITIALIZED_AUTOS = YES_AGGRESSIVE;
				GCC_WARN_UNUSED_FUNCTION = YES;
				GCC_WARN_UNUSED_VARIABLE = YES;
				IPHONEOS_DEPLOYMENT_TARGET = 16.2;
				MTL_ENABLE_DEBUG_INFO = INCLUDE_SOURCE;
				MTL_FAST_MATH = YES;
				ONLY_ACTIVE_ARCH = YES;
				SDKROOT = iphoneos;
				SWIFT_ACTIVE_COMPILATION_CONDITIONS = DEBUG;
				SWIFT_OPTIMIZATION_LEVEL = "-Onone";
			};
			name = Debug;
		};
		B13950FF29584C1F00AAF1A3 /* Release */ = {
			isa = XCBuildConfiguration;
			buildSettings = {
				ALWAYS_SEARCH_USER_PATHS = NO;
				CLANG_ANALYZER_NONNULL = YES;
				CLANG_ANALYZER_NUMBER_OBJECT_CONVERSION = YES_AGGRESSIVE;
				CLANG_CXX_LANGUAGE_STANDARD = "gnu++20";
				CLANG_ENABLE_MODULES = YES;
				CLANG_ENABLE_OBJC_ARC = YES;
				CLANG_ENABLE_OBJC_WEAK = YES;
				CLANG_WARN_BLOCK_CAPTURE_AUTORELEASING = YES;
				CLANG_WARN_BOOL_CONVERSION = YES;
				CLANG_WARN_COMMA = YES;
				CLANG_WARN_CONSTANT_CONVERSION = YES;
				CLANG_WARN_DEPRECATED_OBJC_IMPLEMENTATIONS = YES;
				CLANG_WARN_DIRECT_OBJC_ISA_USAGE = YES_ERROR;
				CLANG_WARN_DOCUMENTATION_COMMENTS = YES;
				CLANG_WARN_EMPTY_BODY = YES;
				CLANG_WARN_ENUM_CONVERSION = YES;
				CLANG_WARN_INFINITE_RECURSION = YES;
				CLANG_WARN_INT_CONVERSION = YES;
				CLANG_WARN_NON_LITERAL_NULL_CONVERSION = YES;
				CLANG_WARN_OBJC_IMPLICIT_RETAIN_SELF = YES;
				CLANG_WARN_OBJC_LITERAL_CONVERSION = YES;
				CLANG_WARN_OBJC_ROOT_CLASS = YES_ERROR;
				CLANG_WARN_QUOTED_INCLUDE_IN_FRAMEWORK_HEADER = YES;
				CLANG_WARN_RANGE_LOOP_ANALYSIS = YES;
				CLANG_WARN_STRICT_PROTOTYPES = YES;
				CLANG_WARN_SUSPICIOUS_MOVE = YES;
				CLANG_WARN_UNGUARDED_AVAILABILITY = YES_AGGRESSIVE;
				CLANG_WARN_UNREACHABLE_CODE = YES;
				CLANG_WARN__DUPLICATE_METHOD_MATCH = YES;
				COPY_PHASE_STRIP = NO;
				DEBUG_INFORMATION_FORMAT = "dwarf-with-dsym";
				ENABLE_NS_ASSERTIONS = NO;
				ENABLE_STRICT_OBJC_MSGSEND = YES;
				GCC_C_LANGUAGE_STANDARD = gnu11;
				GCC_NO_COMMON_BLOCKS = YES;
				GCC_WARN_64_TO_32_BIT_CONVERSION = YES;
				GCC_WARN_ABOUT_RETURN_TYPE = YES_ERROR;
				GCC_WARN_UNDECLARED_SELECTOR = YES;
				GCC_WARN_UNINITIALIZED_AUTOS = YES_AGGRESSIVE;
				GCC_WARN_UNUSED_FUNCTION = YES;
				GCC_WARN_UNUSED_VARIABLE = YES;
				IPHONEOS_DEPLOYMENT_TARGET = 16.2;
				MTL_ENABLE_DEBUG_INFO = NO;
				MTL_FAST_MATH = YES;
				SDKROOT = iphoneos;
				SWIFT_COMPILATION_MODE = wholemodule;
				SWIFT_OPTIMIZATION_LEVEL = "-O";
				VALIDATE_PRODUCT = YES;
			};
			name = Release;
		};
		B139510129584C1F00AAF1A3 /* Debug */ = {
			isa = XCBuildConfiguration;
			buildSettings = {
				ASSETCATALOG_COMPILER_APPICON_NAME = AppIcon;
				ASSETCATALOG_COMPILER_GLOBAL_ACCENT_COLOR_NAME = AccentColor;
				CODE_SIGN_STYLE = Automatic;
				CURRENT_PROJECT_VERSION = 1;
				DEVELOPMENT_ASSET_PATHS = "\"Bullseye/Preview Content\"";
				ENABLE_PREVIEWS = YES;
				GENERATE_INFOPLIST_FILE = YES;
				INFOPLIST_KEY_CFBundleDisplayName = "Bull's Eye";
				INFOPLIST_KEY_UIApplicationSceneManifest_Generation = YES;
				INFOPLIST_KEY_UIApplicationSupportsIndirectInputEvents = YES;
				INFOPLIST_KEY_UILaunchScreen_Generation = YES;
				INFOPLIST_KEY_UISupportedInterfaceOrientations_iPad = "UIInterfaceOrientationPortrait UIInterfaceOrientationPortraitUpsideDown UIInterfaceOrientationLandscapeLeft UIInterfaceOrientationLandscapeRight";
				INFOPLIST_KEY_UISupportedInterfaceOrientations_iPhone = "UIInterfaceOrientationPortrait UIInterfaceOrientationLandscapeLeft UIInterfaceOrientationLandscapeRight";
				LD_RUNPATH_SEARCH_PATHS = (
					"$(inherited)",
					"@executable_path/Frameworks",
				);
				MARKETING_VERSION = 1.0;
				PRODUCT_BUNDLE_IDENTIFIER = com.taodev.Bullseye;
				PRODUCT_NAME = "$(TARGET_NAME)";
				SWIFT_EMIT_LOC_STRINGS = YES;
				SWIFT_VERSION = 5.0;
				TARGETED_DEVICE_FAMILY = "1,2";
			};
			name = Debug;
		};
		B139510229584C1F00AAF1A3 /* Release */ = {
			isa = XCBuildConfiguration;
			buildSettings = {
				ASSETCATALOG_COMPILER_APPICON_NAME = AppIcon;
				ASSETCATALOG_COMPILER_GLOBAL_ACCENT_COLOR_NAME = AccentColor;
				CODE_SIGN_STYLE = Automatic;
				CURRENT_PROJECT_VERSION = 1;
				DEVELOPMENT_ASSET_PATHS = "\"Bullseye/Preview Content\"";
				ENABLE_PREVIEWS = YES;
				GENERATE_INFOPLIST_FILE = YES;
				INFOPLIST_KEY_CFBundleDisplayName = "Bull's Eye";
				INFOPLIST_KEY_UIApplicationSceneManifest_Generation = YES;
				INFOPLIST_KEY_UIApplicationSupportsIndirectInputEvents = YES;
				INFOPLIST_KEY_UILaunchScreen_Generation = YES;
				INFOPLIST_KEY_UISupportedInterfaceOrientations_iPad = "UIInterfaceOrientationPortrait UIInterfaceOrientationPortraitUpsideDown UIInterfaceOrientationLandscapeLeft UIInterfaceOrientationLandscapeRight";
				INFOPLIST_KEY_UISupportedInterfaceOrientations_iPhone = "UIInterfaceOrientationPortrait UIInterfaceOrientationLandscapeLeft UIInterfaceOrientationLandscapeRight";
				LD_RUNPATH_SEARCH_PATHS = (
					"$(inherited)",
					"@executable_path/Frameworks",
				);
				MARKETING_VERSION = 1.0;
				PRODUCT_BUNDLE_IDENTIFIER = com.taodev.Bullseye;
				PRODUCT_NAME = "$(TARGET_NAME)";
				SWIFT_EMIT_LOC_STRINGS = YES;
				SWIFT_VERSION = 5.0;
				TARGETED_DEVICE_FAMILY = "1,2";
			};
			name = Release;
		};
/* End XCBuildConfiguration section */

/* Begin XCConfigurationList section */
		B12948D72973F06E00CEEFDF /* Build configuration list for PBXNativeTarget "BullseyeTests" */ = {
			isa = XCConfigurationList;
			buildConfigurations = (
				B12948D52973F06E00CEEFDF /* Debug */,
				B12948D62973F06E00CEEFDF /* Release */,
			);
			defaultConfigurationIsVisible = 0;
			defaultConfigurationName = Release;
		};
		B13950ED29584C1D00AAF1A3 /* Build configuration list for PBXProject "Bullseye" */ = {
			isa = XCConfigurationList;
			buildConfigurations = (
				B13950FE29584C1F00AAF1A3 /* Debug */,
				B13950FF29584C1F00AAF1A3 /* Release */,
			);
			defaultConfigurationIsVisible = 0;
			defaultConfigurationName = Release;
		};
		B139510029584C1F00AAF1A3 /* Build configuration list for PBXNativeTarget "Bullseye" */ = {
			isa = XCConfigurationList;
			buildConfigurations = (
				B139510129584C1F00AAF1A3 /* Debug */,
				B139510229584C1F00AAF1A3 /* Release */,
			);
			defaultConfigurationIsVisible = 0;
			defaultConfigurationName = Release;
		};
/* End XCConfigurationList section */
	};
	rootObject = B13950EA29584C1D00AAF1A3 /* Project object */;
}
